{
  "name": "@melgrove/base",
  "version": "1.0.0",
  "lockfileVersion": 1,
  "requires": true,
  "dependencies": {
    "@melgrove/type": {
      "version": "1.0.0",
      "resolved": "https://registry.npmjs.org/@melgrove/type/-/type-1.0.0.tgz",
      "integrity": "sha512-HOVW8F8VpMV5I1L3agD36iDPakGz04BxJK6sxPAQNA+87hKqOiYDoJrwu3puYiGx+lbgM0Xxl1fIfY5ogH6h2w=="
    },
    "unreduce": {
      "version": "1.0.2",
      "resolved": "https://registry.npmjs.org/unreduce/-/unreduce-1.0.2.tgz",
      "integrity": "sha512-gD05/H6EuDcVD/NpX1gOBPUXb6gH1h8zV87bmkjrjO0e+O1f2uIpJOOxOEBSR6ZINcRA9jEn//Ct0Ugt7nZXBw=="
    }
  }
}
